
Microsoft Visual Studio Solution File, Format Version 12.00
# Visual Studio Version 17
VisualStudioVersion = 17.4.33122.133
MinimumVisualStudioVersion = 10.0.40219.1
Project("{2150E333-8FDC-42A3-9474-1A3956D46DE8}") = "Services", "Services", "{7C3DE540-11B2-4913-8D5A-36BCF1B1F26C}"
EndProject
Project("{9A19103F-16F7-4668-BE54-9A1E7A4F7556}") = "Catalog.API", "Services\Catalog.API\Catalog.API.csproj", "{C2CE7517-14A8-410C-9BFE-41CFC4BF791C}"
EndProject
Project("{9A19103F-16F7-4668-BE54-9A1E7A4F7556}") = "Basket.API", "Services\Basket.API\Basket.API.csproj", "{839FA222-DA56-4E46-92DF-80F75631C534}"
EndProject
Project("{9A19103F-16F7-4668-BE54-9A1E7A4F7556}") = "Discount.API", "Services\Discount.API\Discount.API.csproj", "{E5B68593-62BA-4814-8263-E95EF9FADF24}"
EndProject
Project("{9A19103F-16F7-4668-BE54-9A1E7A4F7556}") = "Discount.Grpc", "Services\Discount.Grpc\Discount.Grpc.csproj", "{0F7BB3A2-6C67-4126-9F50-26783CA0FF78}"
EndProject
Project("{2150E333-8FDC-42A3-9474-1A3956D46DE8}") = "Ordering", "Ordering", "{FCC046EB-9891-4AB8-89A9-FBBF6DDC16BA}"
EndProject
Project("{FAE04EC0-301F-11D3-BF4B-00C04F79EFBC}") = "Ordering.API", "Services\Ordering\Ordering.API\Ordering.API.csproj", "{E4694988-5F6A-4C90-99A3-D86441D30381}"
EndProject
Project("{FAE04EC0-301F-11D3-BF4B-00C04F79EFBC}") = "Ordering.Domain", "Services\Ordering\Ordering.Domain\Ordering.Domain.csproj", "{5B3DE111-6134-410C-AA95-53305F2B70AA}"
EndProject
Project("{FAE04EC0-301F-11D3-BF4B-00C04F79EFBC}") = "Ordering.Application", "Services\Ordering\Ordering.Application\Ordering.Application.csproj", "{069A897E-1DC5-40B2-82EA-667A5E3F92EC}"
EndProject
Project("{FAE04EC0-301F-11D3-BF4B-00C04F79EFBC}") = "Ordering.Infrastructure", "Services\Ordering\Ordering.Infrastructure\Ordering.Infrastructure.csproj", "{1D3DDCD2-2C40-4E9B-A7B1-F9F8F1B2E487}"
EndProject
Global
	GlobalSection(SolutionConfigurationPlatforms) = preSolution
		Debug|Any CPU = Debug|Any CPU
		Release|Any CPU = Release|Any CPU
	EndGlobalSection
	GlobalSection(ProjectConfigurationPlatforms) = postSolution
		{C2CE7517-14A8-410C-9BFE-41CFC4BF791C}.Debug|Any CPU.ActiveCfg = Debug|Any CPU
		{C2CE7517-14A8-410C-9BFE-41CFC4BF791C}.Debug|Any CPU.Build.0 = Debug|Any CPU
		{C2CE7517-14A8-410C-9BFE-41CFC4BF791C}.Release|Any CPU.ActiveCfg = Release|Any CPU
		{C2CE7517-14A8-410C-9BFE-41CFC4BF791C}.Release|Any CPU.Build.0 = Release|Any CPU
		{839FA222-DA56-4E46-92DF-80F75631C534}.Debug|Any CPU.ActiveCfg = Debug|Any CPU
		{839FA222-DA56-4E46-92DF-80F75631C534}.Debug|Any CPU.Build.0 = Debug|Any CPU
		{839FA222-DA56-4E46-92DF-80F75631C534}.Release|Any CPU.ActiveCfg = Release|Any CPU
		{839FA222-DA56-4E46-92DF-80F75631C534}.Release|Any CPU.Build.0 = Release|Any CPU
		{E5B68593-62BA-4814-8263-E95EF9FADF24}.Debug|Any CPU.ActiveCfg = Debug|Any CPU
		{E5B68593-62BA-4814-8263-E95EF9FADF24}.Debug|Any CPU.Build.0 = Debug|Any CPU
		{E5B68593-62BA-4814-8263-E95EF9FADF24}.Release|Any CPU.ActiveCfg = Release|Any CPU
		{E5B68593-62BA-4814-8263-E95EF9FADF24}.Release|Any CPU.Build.0 = Release|Any CPU
		{0F7BB3A2-6C67-4126-9F50-26783CA0FF78}.Debug|Any CPU.ActiveCfg = Debug|Any CPU
		{0F7BB3A2-6C67-4126-9F50-26783CA0FF78}.Debug|Any CPU.Build.0 = Debug|Any CPU
		{0F7BB3A2-6C67-4126-9F50-26783CA0FF78}.Release|Any CPU.ActiveCfg = Release|Any CPU
		{0F7BB3A2-6C67-4126-9F50-26783CA0FF78}.Release|Any CPU.Build.0 = Release|Any CPU
		{E4694988-5F6A-4C90-99A3-D86441D30381}.Debug|Any CPU.ActiveCfg = Debug|Any CPU
		{E4694988-5F6A-4C90-99A3-D86441D30381}.Debug|Any CPU.Build.0 = Debug|Any CPU
		{E4694988-5F6A-4C90-99A3-D86441D30381}.Release|Any CPU.ActiveCfg = Release|Any CPU
		{E4694988-5F6A-4C90-99A3-D86441D30381}.Release|Any CPU.Build.0 = Release|Any CPU
		{5B3DE111-6134-410C-AA95-53305F2B70AA}.Debug|Any CPU.ActiveCfg = Debug|Any CPU
		{5B3DE111-6134-410C-AA95-53305F2B70AA}.Debug|Any CPU.Build.0 = Debug|Any CPU
		{5B3DE111-6134-410C-AA95-53305F2B70AA}.Release|Any CPU.ActiveCfg = Release|Any CPU
		{5B3DE111-6134-410C-AA95-53305F2B70AA}.Release|Any CPU.Build.0 = Release|Any CPU
		{069A897E-1DC5-40B2-82EA-667A5E3F92EC}.Debug|Any CPU.ActiveCfg = Debug|Any CPU
		{069A897E-1DC5-40B2-82EA-667A5E3F92EC}.Debug|Any CPU.Build.0 = Debug|Any CPU
		{069A897E-1DC5-40B2-82EA-667A5E3F92EC}.Release|Any CPU.ActiveCfg = Release|Any CPU
		{069A897E-1DC5-40B2-82EA-667A5E3F92EC}.Release|Any CPU.Build.0 = Release|Any CPU
		{1D3DDCD2-2C40-4E9B-A7B1-F9F8F1B2E487}.Debug|Any CPU.ActiveCfg = Debug|Any CPU
		{1D3DDCD2-2C40-4E9B-A7B1-F9F8F1B2E487}.Debug|Any CPU.Build.0 = Debug|Any CPU
		{1D3DDCD2-2C40-4E9B-A7B1-F9F8F1B2E487}.Release|Any CPU.ActiveCfg = Release|Any CPU
		{1D3DDCD2-2C40-4E9B-A7B1-F9F8F1B2E487}.Release|Any CPU.Build.0 = Release|Any CPU
	EndGlobalSection
	GlobalSection(SolutionProperties) = preSolution
		HideSolutionNode = FALSE
	EndGlobalSection
	GlobalSection(NestedProjects) = preSolution
		{C2CE7517-14A8-410C-9BFE-41CFC4BF791C} = {7C3DE540-11B2-4913-8D5A-36BCF1B1F26C}
		{839FA222-DA56-4E46-92DF-80F75631C534} = {7C3DE540-11B2-4913-8D5A-36BCF1B1F26C}
		{E5B68593-62BA-4814-8263-E95EF9FADF24} = {7C3DE540-11B2-4913-8D5A-36BCF1B1F26C}
		{0F7BB3A2-6C67-4126-9F50-26783CA0FF78} = {7C3DE540-11B2-4913-8D5A-36BCF1B1F26C}
		{FCC046EB-9891-4AB8-89A9-FBBF6DDC16BA} = {7C3DE540-11B2-4913-8D5A-36BCF1B1F26C}
		{E4694988-5F6A-4C90-99A3-D86441D30381} = {FCC046EB-9891-4AB8-89A9-FBBF6DDC16BA}
		{5B3DE111-6134-410C-AA95-53305F2B70AA} = {FCC046EB-9891-4AB8-89A9-FBBF6DDC16BA}
		{069A897E-1DC5-40B2-82EA-667A5E3F92EC} = {FCC046EB-9891-4AB8-89A9-FBBF6DDC16BA}
		{1D3DDCD2-2C40-4E9B-A7B1-F9F8F1B2E487} = {FCC046EB-9891-4AB8-89A9-FBBF6DDC16BA}
	EndGlobalSection
	GlobalSection(ExtensibilityGlobals) = postSolution
		SolutionGuid = {67EAD32B-0FA5-4B6C-983F-8262F4CCDC1C}
	EndGlobalSection
EndGlobal
